
Microsoft Visual Studio Solution File, Format Version 12.00
# Visual Studio Version 17
VisualStudioVersion = 17.10.35013.160
MinimumVisualStudioVersion = 10.0.40219.1
Project("{FAE04EC0-301F-11D3-BF4B-00C04F79EFBC}") = "SharedModelUnloader", "SharedModelUnloader\SharedModelUnloader.csproj", "{092C3430-04D4-4187-A35C-E178915EDE40}"
EndProject
Project("{FAE04EC0-301F-11D3-BF4B-00C04F79EFBC}") = "BIMEXTApp", "BIMEXTApp\BIMEXTApp.csproj", "{B8F3CF01-56C3-4E55-9BA5-935B9339F421}"
EndProject
Global
	GlobalSection(SolutionConfigurationPlatforms) = preSolution
		R2020|x64 = R2020|x64
		R2022|x64 = R2022|x64
		R2023|x64 = R2023|x64
		R2024|x64 = R2024|x64
	EndGlobalSection
	GlobalSection(ProjectConfigurationPlatforms) = postSolution
		{092C3430-04D4-4187-A35C-E178915EDE40}.R2020|x64.ActiveCfg = R2020|x64
		{092C3430-04D4-4187-A35C-E178915EDE40}.R2020|x64.Build.0 = R2020|x64
		{092C3430-04D4-4187-A35C-E178915EDE40}.R2022|x64.ActiveCfg = R2022|x64
		{092C3430-04D4-4187-A35C-E178915EDE40}.R2022|x64.Build.0 = R2022|x64
		{092C3430-04D4-4187-A35C-E178915EDE40}.R2023|x64.ActiveCfg = R2023|x64
		{092C3430-04D4-4187-A35C-E178915EDE40}.R2023|x64.Build.0 = R2023|x64
		{092C3430-04D4-4187-A35C-E178915EDE40}.R2024|x64.ActiveCfg = R2024|x64
		{092C3430-04D4-4187-A35C-E178915EDE40}.R2024|x64.Build.0 = R2024|x64
		{B8F3CF01-56C3-4E55-9BA5-935B9339F421}.R2020|x64.ActiveCfg = R2020|x64
		{B8F3CF01-56C3-4E55-9BA5-935B9339F421}.R2020|x64.Build.0 = R2020|x64
		{B8F3CF01-56C3-4E55-9BA5-935B9339F421}.R2022|x64.ActiveCfg = R2022|x64
		{B8F3CF01-56C3-4E55-9BA5-935B9339F421}.R2022|x64.Build.0 = R2022|x64
		{B8F3CF01-56C3-4E55-9BA5-935B9339F421}.R2023|x64.ActiveCfg = R2023|x64
		{B8F3CF01-56C3-4E55-9BA5-935B9339F421}.R2023|x64.Build.0 = R2023|x64
		{B8F3CF01-56C3-4E55-9BA5-935B9339F421}.R2024|x64.ActiveCfg = R2024|x64
		{B8F3CF01-56C3-4E55-9BA5-935B9339F421}.R2024|x64.Build.0 = R2024|x64
	EndGlobalSection
	GlobalSection(SolutionProperties) = preSolution
		HideSolutionNode = FALSE
	EndGlobalSection
	GlobalSection(ExtensibilityGlobals) = postSolution
		SolutionGuid = {5AFEB765-E92E-4269-85FA-D7C45F3DED4D}
	EndGlobalSection
EndGlobal
